// !$*UTF8*$!
{
	archiveVersion = 1;
	classes = {
	};
	objectVersion = 48;
	objects = {

/* Begin PBXBuildFile section */
		CD8E135A2014E18300428A84 /* AppDelegate.m in Sources */ = {isa = PBXBuildFile; fileRef = CD8E13592014E18300428A84 /* AppDelegate.m */; };
		CD8E13622014E18300428A84 /* Assets.xcassets in Resources */ = {isa = PBXBuildFile; fileRef = CD8E13612014E18300428A84 /* Assets.xcassets */; };
		CD8E13652014E18300428A84 /* LaunchScreen.storyboard in Resources */ = {isa = PBXBuildFile; fileRef = CD8E13632014E18300428A84 /* LaunchScreen.storyboard */; };
		CD8E13682014E18300428A84 /* main.m in Sources */ = {isa = PBXBuildFile; fileRef = CD8E13672014E18300428A84 /* main.m */; };
		CD8E13722014E18300428A84 /* FeedsAppTests.m in Sources */ = {isa = PBXBuildFile; fileRef = CD8E13712014E18300428A84 /* FeedsAppTests.m */; };
		CD8E13822014ECD400428A84 /* FeedDetailsPresenter.m in Sources */ = {isa = PBXBuildFile; fileRef = CD8E13812014ECD400428A84 /* FeedDetailsPresenter.m */; };
		CD8E13882014ED6900428A84 /* FeedDetailsView.m in Sources */ = {isa = PBXBuildFile; fileRef = CD8E13872014ED6900428A84 /* FeedDetailsView.m */; };
		CD8E138B2014EDCE00428A84 /* FeedDetailsInteractor.m in Sources */ = {isa = PBXBuildFile; fileRef = CD8E138A2014EDCE00428A84 /* FeedDetailsInteractor.m */; };
		CD8E138E2014EDEE00428A84 /* FeedDetailsRouter.m in Sources */ = {isa = PBXBuildFile; fileRef = CD8E138D2014EDEE00428A84 /* FeedDetailsRouter.m */; };
		CD8E13912014EE0300428A84 /* Feed.m in Sources */ = {isa = PBXBuildFile; fileRef = CD8E13902014EE0300428A84 /* Feed.m */; };
		CD8E13942014FF7600428A84 /* FeedRow.m in Sources */ = {isa = PBXBuildFile; fileRef = CD8E13932014FF7600428A84 /* FeedRow.m */; };
		CD8E139820150E7600428A84 /* FeedRowCell.m in Sources */ = {isa = PBXBuildFile; fileRef = CD8E139720150E7600428A84 /* FeedRowCell.m */; };
/* End PBXBuildFile section */

/* Begin PBXContainerItemProxy section */
		CD8E136E2014E18300428A84 /* PBXContainerItemProxy */ = {
			isa = PBXContainerItemProxy;
			containerPortal = CD8E134D2014E18300428A84 /* Project object */;
			proxyType = 1;
			remoteGlobalIDString = CD8E13542014E18300428A84;
			remoteInfo = FeedsApp;
		};
/* End PBXContainerItemProxy section */

/* Begin PBXFileReference section */
		CD8E13552014E18300428A84 /* FeedsApp.app */ = {isa = PBXFileReference; explicitFileType = wrapper.application; includeInIndex = 0; path = FeedsApp.app; sourceTree = BUILT_PRODUCTS_DIR; };
		CD8E13582014E18300428A84 /* AppDelegate.h */ = {isa = PBXFileReference; lastKnownFileType = sourcecode.c.h; path = AppDelegate.h; sourceTree = "<group>"; };
		CD8E13592014E18300428A84 /* AppDelegate.m */ = {isa = PBXFileReference; lastKnownFileType = sourcecode.c.objc; path = AppDelegate.m; sourceTree = "<group>"; };
		CD8E13612014E18300428A84 /* Assets.xcassets */ = {isa = PBXFileReference; lastKnownFileType = folder.assetcatalog; path = Assets.xcassets; sourceTree = "<group>"; };
		CD8E13642014E18300428A84 /* Base */ = {isa = PBXFileReference; lastKnownFileType = file.storyboard; name = Base; path = Base.lproj/LaunchScreen.storyboard; sourceTree = "<group>"; };
		CD8E13662014E18300428A84 /* Info.plist */ = {isa = PBXFileReference; lastKnownFileType = text.plist.xml; path = Info.plist; sourceTree = "<group>"; };
		CD8E13672014E18300428A84 /* main.m */ = {isa = PBXFileReference; lastKnownFileType = sourcecode.c.objc; path = main.m; sourceTree = "<group>"; };
		CD8E136D2014E18300428A84 /* FeedsAppTests.xctest */ = {isa = PBXFileReference; explicitFileType = wrapper.cfbundle; includeInIndex = 0; path = FeedsAppTests.xctest; sourceTree = BUILT_PRODUCTS_DIR; };
		CD8E13712014E18300428A84 /* FeedsAppTests.m */ = {isa = PBXFileReference; lastKnownFileType = sourcecode.c.objc; path = FeedsAppTests.m; sourceTree = "<group>"; };
		CD8E13732014E18300428A84 /* Info.plist */ = {isa = PBXFileReference; lastKnownFileType = text.plist.xml; path = Info.plist; sourceTree = "<group>"; };
		CD8E13802014ECD400428A84 /* FeedDetailsPresenter.h */ = {isa = PBXFileReference; lastKnownFileType = sourcecode.c.h; path = FeedDetailsPresenter.h; sourceTree = "<group>"; };
		CD8E13812014ECD400428A84 /* FeedDetailsPresenter.m */ = {isa = PBXFileReference; lastKnownFileType = sourcecode.c.objc; path = FeedDetailsPresenter.m; sourceTree = "<group>"; };
		CD8E13862014ED6900428A84 /* FeedDetailsView.h */ = {isa = PBXFileReference; lastKnownFileType = sourcecode.c.h; path = FeedDetailsView.h; sourceTree = "<group>"; };
		CD8E13872014ED6900428A84 /* FeedDetailsView.m */ = {isa = PBXFileReference; lastKnownFileType = sourcecode.c.objc; path = FeedDetailsView.m; sourceTree = "<group>"; };
		CD8E13892014EDCE00428A84 /* FeedDetailsInteractor.h */ = {isa = PBXFileReference; lastKnownFileType = sourcecode.c.h; path = FeedDetailsInteractor.h; sourceTree = "<group>"; };
		CD8E138A2014EDCE00428A84 /* FeedDetailsInteractor.m */ = {isa = PBXFileReference; lastKnownFileType = sourcecode.c.objc; path = FeedDetailsInteractor.m; sourceTree = "<group>"; };
		CD8E138C2014EDEE00428A84 /* FeedDetailsRouter.h */ = {isa = PBXFileReference; lastKnownFileType = sourcecode.c.h; path = FeedDetailsRouter.h; sourceTree = "<group>"; };
		CD8E138D2014EDEE00428A84 /* FeedDetailsRouter.m */ = {isa = PBXFileReference; lastKnownFileType = sourcecode.c.objc; path = FeedDetailsRouter.m; sourceTree = "<group>"; };
		CD8E138F2014EE0300428A84 /* Feed.h */ = {isa = PBXFileReference; lastKnownFileType = sourcecode.c.h; path = Feed.h; sourceTree = "<group>"; };
		CD8E13902014EE0300428A84 /* Feed.m */ = {isa = PBXFileReference; lastKnownFileType = sourcecode.c.objc; path = Feed.m; sourceTree = "<group>"; };
		CD8E13922014FF7600428A84 /* FeedRow.h */ = {isa = PBXFileReference; lastKnownFileType = sourcecode.c.h; path = FeedRow.h; sourceTree = "<group>"; };
		CD8E13932014FF7600428A84 /* FeedRow.m */ = {isa = PBXFileReference; lastKnownFileType = sourcecode.c.objc; path = FeedRow.m; sourceTree = "<group>"; };
		CD8E13952015046700428A84 /* Constants.h */ = {isa = PBXFileReference; lastKnownFileType = sourcecode.c.h; path = Constants.h; sourceTree = "<group>"; };
		CD8E139620150E7600428A84 /* FeedRowCell.h */ = {isa = PBXFileReference; lastKnownFileType = sourcecode.c.h; path = FeedRowCell.h; sourceTree = "<group>"; };
		CD8E139720150E7600428A84 /* FeedRowCell.m */ = {isa = PBXFileReference; lastKnownFileType = sourcecode.c.objc; path = FeedRowCell.m; sourceTree = "<group>"; };
/* End PBXFileReference section */

/* Begin PBXFrameworksBuildPhase section */
		CD8E13522014E18300428A84 /* Frameworks */ = {
			isa = PBXFrameworksBuildPhase;
			buildActionMask = 2147483647;
			files = (
			);
			runOnlyForDeploymentPostprocessing = 0;
		};
		CD8E136A2014E18300428A84 /* Frameworks */ = {
			isa = PBXFrameworksBuildPhase;
			buildActionMask = 2147483647;
			files = (
			);
			runOnlyForDeploymentPostprocessing = 0;
		};
/* End PBXFrameworksBuildPhase section */

/* Begin PBXGroup section */
		CD8E134C2014E18300428A84 = {
			isa = PBXGroup;
			children = (
				CD8E13572014E18300428A84 /* FeedsApp */,
				CD8E13702014E18300428A84 /* FeedsAppTests */,
				CD8E13562014E18300428A84 /* Products */,
			);
			sourceTree = "<group>";
		};
		CD8E13562014E18300428A84 /* Products */ = {
			isa = PBXGroup;
			children = (
				CD8E13552014E18300428A84 /* FeedsApp.app */,
				CD8E136D2014E18300428A84 /* FeedsAppTests.xctest */,
			);
			name = Products;
			sourceTree = "<group>";
		};
		CD8E13572014E18300428A84 /* FeedsApp */ = {
			isa = PBXGroup;
			children = (
				CD8E139D2015984C00428A84 /* Routers */,
				CD8E139C2015982E00428A84 /* Entities */,
				CD8E139B2015980D00428A84 /* Views */,
				CD8E139A201597DA00428A84 /* Interactors */,
				CD8E1399201597B800428A84 /* Presenters */,
				CD8E13582014E18300428A84 /* AppDelegate.h */,
				CD8E13592014E18300428A84 /* AppDelegate.m */,
				CD8E13612014E18300428A84 /* Assets.xcassets */,
				CD8E13632014E18300428A84 /* LaunchScreen.storyboard */,
				CD8E13662014E18300428A84 /* Info.plist */,
				CD8E13672014E18300428A84 /* main.m */,
				CD8E13952015046700428A84 /* Constants.h */,
			);
			path = FeedsApp;
			sourceTree = "<group>";
		};
		CD8E13702014E18300428A84 /* FeedsAppTests */ = {
			isa = PBXGroup;
			children = (
				CD8E13712014E18300428A84 /* FeedsAppTests.m */,
				CD8E13732014E18300428A84 /* Info.plist */,
			);
			path = FeedsAppTests;
			sourceTree = "<group>";
		};
		CD8E1399201597B800428A84 /* Presenters */ = {
			isa = PBXGroup;
			children = (
				CD8E13A02015A1D200428A84 /* Feed Details Presenter */,
			);
			path = Presenters;
			sourceTree = "<group>";
		};
		CD8E139A201597DA00428A84 /* Interactors */ = {
			isa = PBXGroup;
			children = (
				CD8E139F2015A1B100428A84 /* Feed Details Interactor */,
			);
			path = Interactors;
			sourceTree = "<group>";
		};
		CD8E139B2015980D00428A84 /* Views */ = {
			isa = PBXGroup;
			children = (
				CD8E139E2015A18400428A84 /* Feed Details View */,
			);
			path = Views;
			sourceTree = "<group>";
		};
		CD8E139C2015982E00428A84 /* Entities */ = {
			isa = PBXGroup;
			children = (
				CD8E13A12015A1FC00428A84 /* Feed */,
			);
			path = Entities;
			sourceTree = "<group>";
		};
		CD8E139D2015984C00428A84 /* Routers */ = {
			isa = PBXGroup;
			children = (
				CD8E13A22015A21000428A84 /* Feed Details Router */,
			);
			path = Routers;
			sourceTree = "<group>";
		};
		CD8E139E2015A18400428A84 /* Feed Details View */ = {
			isa = PBXGroup;
			children = (
				CD8E13862014ED6900428A84 /* FeedDetailsView.h */,
				CD8E13872014ED6900428A84 /* FeedDetailsView.m */,
				CD8E139620150E7600428A84 /* FeedRowCell.h */,
				CD8E139720150E7600428A84 /* FeedRowCell.m */,
			);
			path = "Feed Details View";
			sourceTree = "<group>";
		};
		CD8E139F2015A1B100428A84 /* Feed Details Interactor */ = {
			isa = PBXGroup;
			children = (
				CD8E13892014EDCE00428A84 /* FeedDetailsInteractor.h */,
				CD8E138A2014EDCE00428A84 /* FeedDetailsInteractor.m */,
			);
			path = "Feed Details Interactor";
			sourceTree = "<group>";
		};
		CD8E13A02015A1D200428A84 /* Feed Details Presenter */ = {
			isa = PBXGroup;
			children = (
				CD8E13802014ECD400428A84 /* FeedDetailsPresenter.h */,
				CD8E13812014ECD400428A84 /* FeedDetailsPresenter.m */,
			);
			path = "Feed Details Presenter";
			sourceTree = "<group>";
		};
		CD8E13A12015A1FC00428A84 /* Feed */ = {
			isa = PBXGroup;
			children = (
				CD8E138F2014EE0300428A84 /* Feed.h */,
				CD8E13902014EE0300428A84 /* Feed.m */,
				CD8E13922014FF7600428A84 /* FeedRow.h */,
				CD8E13932014FF7600428A84 /* FeedRow.m */,
			);
			path = Feed;
			sourceTree = "<group>";
		};
		CD8E13A22015A21000428A84 /* Feed Details Router */ = {
			isa = PBXGroup;
			children = (
				CD8E138C2014EDEE00428A84 /* FeedDetailsRouter.h */,
				CD8E138D2014EDEE00428A84 /* FeedDetailsRouter.m */,
			);
			path = "Feed Details Router";
			sourceTree = "<group>";
		};
/* End PBXGroup section */

/* Begin PBXNativeTarget section */
		CD8E13542014E18300428A84 /* FeedsApp */ = {
			isa = PBXNativeTarget;
			buildConfigurationList = CD8E13762014E18400428A84 /* Build configuration list for PBXNativeTarget "FeedsApp" */;
			buildPhases = (
				CD8E13512014E18300428A84 /* Sources */,
				CD8E13522014E18300428A84 /* Frameworks */,
				CD8E13532014E18300428A84 /* Resources */,
			);
			buildRules = (
			);
			dependencies = (
			);
			name = FeedsApp;
			productName = FeedsApp;
			productReference = CD8E13552014E18300428A84 /* FeedsApp.app */;
			productType = "com.apple.product-type.application";
		};
		CD8E136C2014E18300428A84 /* FeedsAppTests */ = {
			isa = PBXNativeTarget;
			buildConfigurationList = CD8E13792014E18400428A84 /* Build configuration list for PBXNativeTarget "FeedsAppTests" */;
			buildPhases = (
				CD8E13692014E18300428A84 /* Sources */,
				CD8E136A2014E18300428A84 /* Frameworks */,
				CD8E136B2014E18300428A84 /* Resources */,
			);
			buildRules = (
			);
			dependencies = (
				CD8E136F2014E18300428A84 /* PBXTargetDependency */,
			);
			name = FeedsAppTests;
			productName = FeedsAppTests;
			productReference = CD8E136D2014E18300428A84 /* FeedsAppTests.xctest */;
			productType = "com.apple.product-type.bundle.unit-test";
		};
/* End PBXNativeTarget section */

/* Begin PBXProject section */
		CD8E134D2014E18300428A84 /* Project object */ = {
			isa = PBXProject;
			attributes = {
				LastUpgradeCheck = 0900;
				ORGANIZATIONNAME = feeds;
				TargetAttributes = {
					CD8E13542014E18300428A84 = {
						CreatedOnToolsVersion = 9.0;
						ProvisioningStyle = Automatic;
					};
					CD8E136C2014E18300428A84 = {
						CreatedOnToolsVersion = 9.0;
						ProvisioningStyle = Automatic;
						TestTargetID = CD8E13542014E18300428A84;
					};
				};
			};
			buildConfigurationList = CD8E13502014E18300428A84 /* Build configuration list for PBXProject "FeedsApp" */;
			compatibilityVersion = "Xcode 8.0";
			developmentRegion = en;
			hasScannedForEncodings = 0;
			knownRegions = (
				en,
				Base,
			);
			mainGroup = CD8E134C2014E18300428A84;
			productRefGroup = CD8E13562014E18300428A84 /* Products */;
			projectDirPath = "";
			projectRoot = "";
			targets = (
				CD8E13542014E18300428A84 /* FeedsApp */,
				CD8E136C2014E18300428A84 /* FeedsAppTests */,
			);
		};
/* End PBXProject section */

/* Begin PBXResourcesBuildPhase section */
		CD8E13532014E18300428A84 /* Resources */ = {
			isa = PBXResourcesBuildPhase;
			buildActionMask = 2147483647;
			files = (
				CD8E13652014E18300428A84 /* LaunchScreen.storyboard in Resources */,
				CD8E13622014E18300428A84 /* Assets.xcassets in Resources */,
			);
			runOnlyForDeploymentPostprocessing = 0;
		};
		CD8E136B2014E18300428A84 /* Resources */ = {
			isa = PBXResourcesBuildPhase;
			buildActionMask = 2147483647;
			files = (
			);
			runOnlyForDeploymentPostprocessing = 0;
		};
/* End PBXResourcesBuildPhase section */

/* Begin PBXSourcesBuildPhase section */
		CD8E13512014E18300428A84 /* Sources */ = {
			isa = PBXSourcesBuildPhase;
			buildActionMask = 2147483647;
			files = (
				CD8E13942014FF7600428A84 /* FeedRow.m in Sources */,
				CD8E138E2014EDEE00428A84 /* FeedDetailsRouter.m in Sources */,
				CD8E13822014ECD400428A84 /* FeedDetailsPresenter.m in Sources */,
				CD8E13912014EE0300428A84 /* Feed.m in Sources */,
				CD8E13882014ED6900428A84 /* FeedDetailsView.m in Sources */,
				CD8E139820150E7600428A84 /* FeedRowCell.m in Sources */,
				CD8E13682014E18300428A84 /* main.m in Sources */,
				CD8E138B2014EDCE00428A84 /* FeedDetailsInteractor.m in Sources */,
				CD8E135A2014E18300428A84 /* AppDelegate.m in Sources */,
			);
			runOnlyForDeploymentPostprocessing = 0;
		};
		CD8E13692014E18300428A84 /* Sources */ = {
			isa = PBXSourcesBuildPhase;
			buildActionMask = 2147483647;
			files = (
				CD8E13722014E18300428A84 /* FeedsAppTests.m in Sources */,
			);
			runOnlyForDeploymentPostprocessing = 0;
		};
/* End PBXSourcesBuildPhase section */

/* Begin PBXTargetDependency section */
		CD8E136F2014E18300428A84 /* PBXTargetDependency */ = {
			isa = PBXTargetDependency;
			target = CD8E13542014E18300428A84 /* FeedsApp */;
			targetProxy = CD8E136E2014E18300428A84 /* PBXContainerItemProxy */;
		};
/* End PBXTargetDependency section */

/* Begin PBXVariantGroup section */
		CD8E13632014E18300428A84 /* LaunchScreen.storyboard */ = {
			isa = PBXVariantGroup;
			children = (
				CD8E13642014E18300428A84 /* Base */,
			);
			name = LaunchScreen.storyboard;
			sourceTree = "<group>";
		};
/* End PBXVariantGroup section */

/* Begin XCBuildConfiguration section */
		CD8E13742014E18400428A84 /* Debug */ = {
			isa = XCBuildConfiguration;
			buildSettings = {
				ALWAYS_SEARCH_USER_PATHS = NO;
				CLANG_ANALYZER_NONNULL = YES;
				CLANG_ANALYZER_NUMBER_OBJECT_CONVERSION = YES_AGGRESSIVE;
				CLANG_CXX_LANGUAGE_STANDARD = "gnu++14";
				CLANG_CXX_LIBRARY = "libc++";
				CLANG_ENABLE_MODULES = YES;
				CLANG_ENABLE_OBJC_ARC = YES;
				CLANG_WARN_BLOCK_CAPTURE_AUTORELEASING = YES;
				CLANG_WARN_BOOL_CONVERSION = YES;
				CLANG_WARN_COMMA = YES;
				CLANG_WARN_CONSTANT_CONVERSION = YES;
				CLANG_WARN_DIRECT_OBJC_ISA_USAGE = YES_ERROR;
				CLANG_WARN_DOCUMENTATION_COMMENTS = YES;
				CLANG_WARN_EMPTY_BODY = YES;
				CLANG_WARN_ENUM_CONVERSION = YES;
				CLANG_WARN_INFINITE_RECURSION = YES;
				CLANG_WARN_INT_CONVERSION = YES;
				CLANG_WARN_NON_LITERAL_NULL_CONVERSION = YES;
				CLANG_WARN_OBJC_LITERAL_CONVERSION = YES;
				CLANG_WARN_OBJC_ROOT_CLASS = YES_ERROR;
				CLANG_WARN_RANGE_LOOP_ANALYSIS = YES;
				CLANG_WARN_STRICT_PROTOTYPES = YES;
				CLANG_WARN_SUSPICIOUS_MOVE = YES;
				CLANG_WARN_UNGUARDED_AVAILABILITY = YES_AGGRESSIVE;
				CLANG_WARN_UNREACHABLE_CODE = YES;
				CLANG_WARN__DUPLICATE_METHOD_MATCH = YES;
				CODE_SIGN_IDENTITY = "iPhone Developer";
				COPY_PHASE_STRIP = NO;
				DEBUG_INFORMATION_FORMAT = dwarf;
				ENABLE_STRICT_OBJC_MSGSEND = YES;
				ENABLE_TESTABILITY = YES;
				GCC_C_LANGUAGE_STANDARD = gnu11;
				GCC_DYNAMIC_NO_PIC = NO;
				GCC_NO_COMMON_BLOCKS = YES;
				GCC_OPTIMIZATION_LEVEL = 0;
				GCC_PREPROCESSOR_DEFINITIONS = (
					"DEBUG=1",
					"$(inherited)",
				);
				GCC_WARN_64_TO_32_BIT_CONVERSION = YES;
				GCC_WARN_ABOUT_RETURN_TYPE = YES_ERROR;
				GCC_WARN_UNDECLARED_SELECTOR = YES;
				GCC_WARN_UNINITIALIZED_AUTOS = YES_AGGRESSIVE;
				GCC_WARN_UNUSED_FUNCTION = YES;
				GCC_WARN_UNUSED_VARIABLE = YES;
				IPHONEOS_DEPLOYMENT_TARGET = 11.0;
				MTL_ENABLE_DEBUG_INFO = YES;
				ONLY_ACTIVE_ARCH = YES;
				SDKROOT = iphoneos;
			};
			name = Debug;
		};
		CD8E13752014E18400428A84 /* Release */ = {
			isa = XCBuildConfiguration;
			buildSettings = {
				ALWAYS_SEARCH_USER_PATHS = NO;
				CLANG_ANALYZER_NONNULL = YES;
				CLANG_ANALYZER_NUMBER_OBJECT_CONVERSION = YES_AGGRESSIVE;
				CLANG_CXX_LANGUAGE_STANDARD = "gnu++14";
				CLANG_CXX_LIBRARY = "libc++";
				CLANG_ENABLE_MODULES = YES;
				CLANG_ENABLE_OBJC_ARC = YES;
				CLANG_WARN_BLOCK_CAPTURE_AUTORELEASING = YES;
				CLANG_WARN_BOOL_CONVERSION = YES;
				CLANG_WARN_COMMA = YES;
				CLANG_WARN_CONSTANT_CONVERSION = YES;
				CLANG_WARN_DIRECT_OBJC_ISA_USAGE = YES_ERROR;
				CLANG_WARN_DOCUMENTATION_COMMENTS = YES;
				CLANG_WARN_EMPTY_BODY = YES;
				CLANG_WARN_ENUM_CONVERSION = YES;
				CLANG_WARN_INFINITE_RECURSION = YES;
				CLANG_WARN_INT_CONVERSION = YES;
				CLANG_WARN_NON_LITERAL_NULL_CONVERSION = YES;
				CLANG_WARN_OBJC_LITERAL_CONVERSION = YES;
				CLANG_WARN_OBJC_ROOT_CLASS = YES_ERROR;
				CLANG_WARN_RANGE_LOOP_ANALYSIS = YES;
				CLANG_WARN_STRICT_PROTOTYPES = YES;
				CLANG_WARN_SUSPICIOUS_MOVE = YES;
				CLANG_WARN_UNGUARDED_AVAILABILITY = YES_AGGRESSIVE;
				CLANG_WARN_UNREACHABLE_CODE = YES;
				CLANG_WARN__DUPLICATE_METHOD_MATCH = YES;
				CODE_SIGN_IDENTITY = "iPhone Developer";
				COPY_PHASE_STRIP = NO;
				DEBUG_INFORMATION_FORMAT = "dwarf-with-dsym";
				ENABLE_NS_ASSERTIONS = NO;
				ENABLE_STRICT_OBJC_MSGSEND = YES;
				GCC_C_LANGUAGE_STANDARD = gnu11;
				GCC_NO_COMMON_BLOCKS = YES;
				GCC_WARN_64_TO_32_BIT_CONVERSION = YES;
				GCC_WARN_ABOUT_RETURN_TYPE = YES_ERROR;
				GCC_WARN_UNDECLARED_SELECTOR = YES;
				GCC_WARN_UNINITIALIZED_AUTOS = YES_AGGRESSIVE;
				GCC_WARN_UNUSED_FUNCTION = YES;
				GCC_WARN_UNUSED_VARIABLE = YES;
				IPHONEOS_DEPLOYMENT_TARGET = 11.0;
				MTL_ENABLE_DEBUG_INFO = NO;
				SDKROOT = iphoneos;
				VALIDATE_PRODUCT = YES;
			};
			name = Release;
		};
		CD8E13772014E18400428A84 /* Debug */ = {
			isa = XCBuildConfiguration;
			buildSettings = {
				ASSETCATALOG_COMPILER_APPICON_NAME = AppIcon;
				CODE_SIGN_STYLE = Automatic;
				INFOPLIST_FILE = FeedsApp/Info.plist;
				LD_RUNPATH_SEARCH_PATHS = "$(inherited) @executable_path/Frameworks";
				PRODUCT_BUNDLE_IDENTIFIER = feeds.FeedsApp;
				PRODUCT_NAME = "$(TARGET_NAME)";
				TARGETED_DEVICE_FAMILY = "1,2";
			};
			name = Debug;
		};
		CD8E13782014E18400428A84 /* Release */ = {
			isa = XCBuildConfiguration;
			buildSettings = {
				ASSETCATALOG_COMPILER_APPICON_NAME = AppIcon;
				CODE_SIGN_STYLE = Automatic;
				INFOPLIST_FILE = FeedsApp/Info.plist;
				LD_RUNPATH_SEARCH_PATHS = "$(inherited) @executable_path/Frameworks";
				PRODUCT_BUNDLE_IDENTIFIER = feeds.FeedsApp;
				PRODUCT_NAME = "$(TARGET_NAME)";
				TARGETED_DEVICE_FAMILY = "1,2";
			};
			name = Release;
		};
		CD8E137A2014E18400428A84 /* Debug */ = {
			isa = XCBuildConfiguration;
			buildSettings = {
				BUNDLE_LOADER = "$(TEST_HOST)";
				CODE_SIGN_STYLE = Automatic;
				INFOPLIST_FILE = FeedsAppTests/Info.plist;
				LD_RUNPATH_SEARCH_PATHS = "$(inherited) @executable_path/Frameworks @loader_path/Frameworks";
				PRODUCT_BUNDLE_IDENTIFIER = feeds.FeedsAppTests;
				PRODUCT_NAME = "$(TARGET_NAME)";
				TARGETED_DEVICE_FAMILY = "1,2";
				TEST_HOST = "$(BUILT_PRODUCTS_DIR)/FeedsApp.app/FeedsApp";
			};
			name = Debug;
		};
		CD8E137B2014E18400428A84 /* Release */ = {
			isa = XCBuildConfiguration;
			buildSettings = {
				BUNDLE_LOADER = "$(TEST_HOST)";
				CODE_SIGN_STYLE = Automatic;
				INFOPLIST_FILE = FeedsAppTests/Info.plist;
				LD_RUNPATH_SEARCH_PATHS = "$(inherited) @executable_path/Frameworks @loader_path/Frameworks";
				PRODUCT_BUNDLE_IDENTIFIER = feeds.FeedsAppTests;
				PRODUCT_NAME = "$(TARGET_NAME)";
				TARGETED_DEVICE_FAMILY = "1,2";
				TEST_HOST = "$(BUILT_PRODUCTS_DIR)/FeedsApp.app/FeedsApp";
			};
			name = Release;
		};
/* End XCBuildConfiguration section */

/* Begin XCConfigurationList section */
		CD8E13502014E18300428A84 /* Build configuration list for PBXProject "FeedsApp" */ = {
			isa = XCConfigurationList;
			buildConfigurations = (
				CD8E13742014E18400428A84 /* Debug */,
				CD8E13752014E18400428A84 /* Release */,
			);
			defaultConfigurationIsVisible = 0;
			defaultConfigurationName = Release;
		};
		CD8E13762014E18400428A84 /* Build configuration list for PBXNativeTarget "FeedsApp" */ = {
			isa = XCConfigurationList;
			buildConfigurations = (
				CD8E13772014E18400428A84 /* Debug */,
				CD8E13782014E18400428A84 /* Release */,
			);
			defaultConfigurationIsVisible = 0;
			defaultConfigurationName = Release;
		};
		CD8E13792014E18400428A84 /* Build configuration list for PBXNativeTarget "FeedsAppTests" */ = {
			isa = XCConfigurationList;
			buildConfigurations = (
				CD8E137A2014E18400428A84 /* Debug */,
				CD8E137B2014E18400428A84 /* Release */,
			);
			defaultConfigurationIsVisible = 0;
			defaultConfigurationName = Release;
		};
/* End XCConfigurationList section */
	};
	rootObject = CD8E134D2014E18300428A84 /* Project object */;
}
